// !$*UTF8*$!
{
	archiveVersion = 1;
	classes = {
	};
	objectVersion = 50;
	objects = {

/* Begin PBXBuildFile section */
		C39D90942343C45900632D03 /* AppDelegate.swift in Sources */ = {isa = PBXBuildFile; fileRef = C39D90932343C45900632D03 /* AppDelegate.swift */; };
		C39D90962343C45900632D03 /* SceneDelegate.swift in Sources */ = {isa = PBXBuildFile; fileRef = C39D90952343C45900632D03 /* SceneDelegate.swift */; };
		C39D909B2343C45900632D03 /* Main.storyboard in Resources */ = {isa = PBXBuildFile; fileRef = C39D90992343C45900632D03 /* Main.storyboard */; };
		C39D909D2343C45A00632D03 /* Assets.xcassets in Resources */ = {isa = PBXBuildFile; fileRef = C39D909C2343C45A00632D03 /* Assets.xcassets */; };
		C39D90A02343C45A00632D03 /* LaunchScreen.storyboard in Resources */ = {isa = PBXBuildFile; fileRef = C39D909E2343C45A00632D03 /* LaunchScreen.storyboard */; };
		C39D90AB2343C45A00632D03 /* ColorsTests.swift in Sources */ = {isa = PBXBuildFile; fileRef = C39D90AA2343C45A00632D03 /* ColorsTests.swift */; };
		C39D90B62343C45A00632D03 /* ColorsUITests.swift in Sources */ = {isa = PBXBuildFile; fileRef = C39D90B52343C45A00632D03 /* ColorsUITests.swift */; };
		C39D90C42343C57D00632D03 /* ColorsViewController.swift in Sources */ = {isa = PBXBuildFile; fileRef = C39D90C32343C57D00632D03 /* ColorsViewController.swift */; };
/* End PBXBuildFile section */

/* Begin PBXContainerItemProxy section */
		C39D90A72343C45A00632D03 /* PBXContainerItemProxy */ = {
			isa = PBXContainerItemProxy;
			containerPortal = C39D90882343C45900632D03 /* Project object */;
			proxyType = 1;
			remoteGlobalIDString = C39D908F2343C45900632D03;
			remoteInfo = Colors;
		};
		C39D90B22343C45A00632D03 /* PBXContainerItemProxy */ = {
			isa = PBXContainerItemProxy;
			containerPortal = C39D90882343C45900632D03 /* Project object */;
			proxyType = 1;
			remoteGlobalIDString = C39D908F2343C45900632D03;
			remoteInfo = Colors;
		};
/* End PBXContainerItemProxy section */

/* Begin PBXFileReference section */
		C39D90902343C45900632D03 /* Colors.app */ = {isa = PBXFileReference; explicitFileType = wrapper.application; includeInIndex = 0; path = Colors.app; sourceTree = BUILT_PRODUCTS_DIR; };
		C39D90932343C45900632D03 /* AppDelegate.swift */ = {isa = PBXFileReference; lastKnownFileType = sourcecode.swift; path = AppDelegate.swift; sourceTree = "<group>"; };
		C39D90952343C45900632D03 /* SceneDelegate.swift */ = {isa = PBXFileReference; lastKnownFileType = sourcecode.swift; path = SceneDelegate.swift; sourceTree = "<group>"; };
		C39D909A2343C45900632D03 /* Base */ = {isa = PBXFileReference; lastKnownFileType = file.storyboard; name = Base; path = Base.lproj/Main.storyboard; sourceTree = "<group>"; };
		C39D909C2343C45A00632D03 /* Assets.xcassets */ = {isa = PBXFileReference; lastKnownFileType = folder.assetcatalog; path = Assets.xcassets; sourceTree = "<group>"; };
		C39D909F2343C45A00632D03 /* Base */ = {isa = PBXFileReference; lastKnownFileType = file.storyboard; name = Base; path = Base.lproj/LaunchScreen.storyboard; sourceTree = "<group>"; };
		C39D90A12343C45A00632D03 /* Info.plist */ = {isa = PBXFileReference; lastKnownFileType = text.plist.xml; path = Info.plist; sourceTree = "<group>"; };
		C39D90A62343C45A00632D03 /* ColorsTests.xctest */ = {isa = PBXFileReference; explicitFileType = wrapper.cfbundle; includeInIndex = 0; path = ColorsTests.xctest; sourceTree = BUILT_PRODUCTS_DIR; };
		C39D90AA2343C45A00632D03 /* ColorsTests.swift */ = {isa = PBXFileReference; lastKnownFileType = sourcecode.swift; path = ColorsTests.swift; sourceTree = "<group>"; };
		C39D90AC2343C45A00632D03 /* Info.plist */ = {isa = PBXFileReference; lastKnownFileType = text.plist.xml; path = Info.plist; sourceTree = "<group>"; };
		C39D90B12343C45A00632D03 /* ColorsUITests.xctest */ = {isa = PBXFileReference; explicitFileType = wrapper.cfbundle; includeInIndex = 0; path = ColorsUITests.xctest; sourceTree = BUILT_PRODUCTS_DIR; };
		C39D90B52343C45A00632D03 /* ColorsUITests.swift */ = {isa = PBXFileReference; lastKnownFileType = sourcecode.swift; path = ColorsUITests.swift; sourceTree = "<group>"; };
		C39D90B72343C45A00632D03 /* Info.plist */ = {isa = PBXFileReference; lastKnownFileType = text.plist.xml; path = Info.plist; sourceTree = "<group>"; };
		C39D90C32343C57D00632D03 /* ColorsViewController.swift */ = {isa = PBXFileReference; lastKnownFileType = sourcecode.swift; path = ColorsViewController.swift; sourceTree = "<group>"; };
/* End PBXFileReference section */

/* Begin PBXFrameworksBuildPhase section */
		C39D908D2343C45900632D03 /* Frameworks */ = {
			isa = PBXFrameworksBuildPhase;
			buildActionMask = 2147483647;
			files = (
			);
			runOnlyForDeploymentPostprocessing = 0;
		};
		C39D90A32343C45A00632D03 /* Frameworks */ = {
			isa = PBXFrameworksBuildPhase;
			buildActionMask = 2147483647;
			files = (
			);
			runOnlyForDeploymentPostprocessing = 0;
		};
		C39D90AE2343C45A00632D03 /* Frameworks */ = {
			isa = PBXFrameworksBuildPhase;
			buildActionMask = 2147483647;
			files = (
			);
			runOnlyForDeploymentPostprocessing = 0;
		};
/* End PBXFrameworksBuildPhase section */

/* Begin PBXGroup section */
		C39D90872343C45900632D03 = {
			isa = PBXGroup;
			children = (
				C39D90922343C45900632D03 /* Colors */,
				C39D90A92343C45A00632D03 /* ColorsTests */,
				C39D90B42343C45A00632D03 /* ColorsUITests */,
				C39D90912343C45900632D03 /* Products */,
			);
			sourceTree = "<group>";
		};
		C39D90912343C45900632D03 /* Products */ = {
			isa = PBXGroup;
			children = (
				C39D90902343C45900632D03 /* Colors.app */,
				C39D90A62343C45A00632D03 /* ColorsTests.xctest */,
				C39D90B12343C45A00632D03 /* ColorsUITests.xctest */,
			);
			name = Products;
			sourceTree = "<group>";
		};
		C39D90922343C45900632D03 /* Colors */ = {
			isa = PBXGroup;
			children = (
				C39D90932343C45900632D03 /* AppDelegate.swift */,
				C39D90952343C45900632D03 /* SceneDelegate.swift */,
				C39D90992343C45900632D03 /* Main.storyboard */,
				C39D909C2343C45A00632D03 /* Assets.xcassets */,
				C39D909E2343C45A00632D03 /* LaunchScreen.storyboard */,
				C39D90A12343C45A00632D03 /* Info.plist */,
				C39D90C32343C57D00632D03 /* ColorsViewController.swift */,
			);
			path = Colors;
			sourceTree = "<group>";
		};
		C39D90A92343C45A00632D03 /* ColorsTests */ = {
			isa = PBXGroup;
			children = (
				C39D90AA2343C45A00632D03 /* ColorsTests.swift */,
				C39D90AC2343C45A00632D03 /* Info.plist */,
			);
			path = ColorsTests;
			sourceTree = "<group>";
		};
		C39D90B42343C45A00632D03 /* ColorsUITests */ = {
			isa = PBXGroup;
			children = (
				C39D90B52343C45A00632D03 /* ColorsUITests.swift */,
				C39D90B72343C45A00632D03 /* Info.plist */,
			);
			path = ColorsUITests;
			sourceTree = "<group>";
		};
/* End PBXGroup section */

/* Begin PBXNativeTarget section */
		C39D908F2343C45900632D03 /* Colors */ = {
			isa = PBXNativeTarget;
			buildConfigurationList = C39D90BA2343C45A00632D03 /* Build configuration list for PBXNativeTarget "Colors" */;
			buildPhases = (
				C39D908C2343C45900632D03 /* Sources */,
				C39D908D2343C45900632D03 /* Frameworks */,
				C39D908E2343C45900632D03 /* Resources */,
			);
			buildRules = (
			);
			dependencies = (
			);
			name = Colors;
			productName = Colors;
			productReference = C39D90902343C45900632D03 /* Colors.app */;
			productType = "com.apple.product-type.application";
		};
		C39D90A52343C45A00632D03 /* ColorsTests */ = {
			isa = PBXNativeTarget;
			buildConfigurationList = C39D90BD2343C45A00632D03 /* Build configuration list for PBXNativeTarget "ColorsTests" */;
			buildPhases = (
				C39D90A22343C45A00632D03 /* Sources */,
				C39D90A32343C45A00632D03 /* Frameworks */,
				C39D90A42343C45A00632D03 /* Resources */,
			);
			buildRules = (
			);
			dependencies = (
				C39D90A82343C45A00632D03 /* PBXTargetDependency */,
			);
			name = ColorsTests;
			productName = ColorsTests;
			productReference = C39D90A62343C45A00632D03 /* ColorsTests.xctest */;
			productType = "com.apple.product-type.bundle.unit-test";
		};
		C39D90B02343C45A00632D03 /* ColorsUITests */ = {
			isa = PBXNativeTarget;
			buildConfigurationList = C39D90C02343C45A00632D03 /* Build configuration list for PBXNativeTarget "ColorsUITests" */;
			buildPhases = (
				C39D90AD2343C45A00632D03 /* Sources */,
				C39D90AE2343C45A00632D03 /* Frameworks */,
				C39D90AF2343C45A00632D03 /* Resources */,
			);
			buildRules = (
			);
			dependencies = (
				C39D90B32343C45A00632D03 /* PBXTargetDependency */,
			);
			name = ColorsUITests;
			productName = ColorsUITests;
			productReference = C39D90B12343C45A00632D03 /* ColorsUITests.xctest */;
			productType = "com.apple.product-type.bundle.ui-testing";
		};
/* End PBXNativeTarget section */

/* Begin PBXProject section */
		C39D90882343C45900632D03 /* Project object */ = {
			isa = PBXProject;
			attributes = {
				LastSwiftUpdateCheck = 1100;
				LastUpgradeCheck = 1100;
				ORGANIZATIONNAME = "Cody Polton";
				TargetAttributes = {
					C39D908F2343C45900632D03 = {
						CreatedOnToolsVersion = 11.0;
					};
					C39D90A52343C45A00632D03 = {
						CreatedOnToolsVersion = 11.0;
						TestTargetID = C39D908F2343C45900632D03;
					};
					C39D90B02343C45A00632D03 = {
						CreatedOnToolsVersion = 11.0;
						TestTargetID = C39D908F2343C45900632D03;
					};
				};
			};
			buildConfigurationList = C39D908B2343C45900632D03 /* Build configuration list for PBXProject "Colors" */;
			compatibilityVersion = "Xcode 9.3";
			developmentRegion = en;
			hasScannedForEncodings = 0;
			knownRegions = (
				en,
				Base,
			);
			mainGroup = C39D90872343C45900632D03;
			productRefGroup = C39D90912343C45900632D03 /* Products */;
			projectDirPath = "";
			projectRoot = "";
			targets = (
				C39D908F2343C45900632D03 /* Colors */,
				C39D90A52343C45A00632D03 /* ColorsTests */,
				C39D90B02343C45A00632D03 /* ColorsUITests */,
			);
		};
/* End PBXProject section */

/* Begin PBXResourcesBuildPhase section */
		C39D908E2343C45900632D03 /* Resources */ = {
			isa = PBXResourcesBuildPhase;
			buildActionMask = 2147483647;
			files = (
				C39D90A02343C45A00632D03 /* LaunchScreen.storyboard in Resources */,
				C39D909D2343C45A00632D03 /* Assets.xcassets in Resources */,
				C39D909B2343C45900632D03 /* Main.storyboard in Resources */,
			);
			runOnlyForDeploymentPostprocessing = 0;
		};
		C39D90A42343C45A00632D03 /* Resources */ = {
			isa = PBXResourcesBuildPhase;
			buildActionMask = 2147483647;
			files = (
			);
			runOnlyForDeploymentPostprocessing = 0;
		};
		C39D90AF2343C45A00632D03 /* Resources */ = {
			isa = PBXResourcesBuildPhase;
			buildActionMask = 2147483647;
			files = (
			);
			runOnlyForDeploymentPostprocessing = 0;
		};
/* End PBXResourcesBuildPhase section */

/* Begin PBXSourcesBuildPhase section */
		C39D908C2343C45900632D03 /* Sources */ = {
			isa = PBXSourcesBuildPhase;
			buildActionMask = 2147483647;
			files = (
				C39D90942343C45900632D03 /* AppDelegate.swift in Sources */,
				C39D90C42343C57D00632D03 /* ColorsViewController.swift in Sources */,
				C39D90962343C45900632D03 /* SceneDelegate.swift in Sources */,
			);
			runOnlyForDeploymentPostprocessing = 0;
		};
		C39D90A22343C45A00632D03 /* Sources */ = {
			isa = PBXSourcesBuildPhase;
			buildActionMask = 2147483647;
			files = (
				C39D90AB2343C45A00632D03 /* ColorsTests.swift in Sources */,
			);
			runOnlyForDeploymentPostprocessing = 0;
		};
		C39D90AD2343C45A00632D03 /* Sources */ = {
			isa = PBXSourcesBuildPhase;
			buildActionMask = 2147483647;
			files = (
				C39D90B62343C45A00632D03 /* ColorsUITests.swift in Sources */,
			);
			runOnlyForDeploymentPostprocessing = 0;
		};
/* End PBXSourcesBuildPhase section */

/* Begin PBXTargetDependency section */
		C39D90A82343C45A00632D03 /* PBXTargetDependency */ = {
			isa = PBXTargetDependency;
			target = C39D908F2343C45900632D03 /* Colors */;
			targetProxy = C39D90A72343C45A00632D03 /* PBXContainerItemProxy */;
		};
		C39D90B32343C45A00632D03 /* PBXTargetDependency */ = {
			isa = PBXTargetDependency;
			target = C39D908F2343C45900632D03 /* Colors */;
			targetProxy = C39D90B22343C45A00632D03 /* PBXContainerItemProxy */;
		};
/* End PBXTargetDependency section */

/* Begin PBXVariantGroup section */
		C39D90992343C45900632D03 /* Main.storyboard */ = {
			isa = PBXVariantGroup;
			children = (
				C39D909A2343C45900632D03 /* Base */,
			);
			name = Main.storyboard;
			sourceTree = "<group>";
		};
		C39D909E2343C45A00632D03 /* LaunchScreen.storyboard */ = {
			isa = PBXVariantGroup;
			children = (
				C39D909F2343C45A00632D03 /* Base */,
			);
			name = LaunchScreen.storyboard;
			sourceTree = "<group>";
		};
/* End PBXVariantGroup section */

/* Begin XCBuildConfiguration section */
		C39D90B82343C45A00632D03 /* Debug */ = {
			isa = XCBuildConfiguration;
			buildSettings = {
				ALWAYS_SEARCH_USER_PATHS = NO;
				CLANG_ANALYZER_NONNULL = YES;
				CLANG_ANALYZER_NUMBER_OBJECT_CONVERSION = YES_AGGRESSIVE;
				CLANG_CXX_LANGUAGE_STANDARD = "gnu++14";
				CLANG_CXX_LIBRARY = "libc++";
				CLANG_ENABLE_MODULES = YES;
				CLANG_ENABLE_OBJC_ARC = YES;
				CLANG_ENABLE_OBJC_WEAK = YES;
				CLANG_WARN_BLOCK_CAPTURE_AUTORELEASING = YES;
				CLANG_WARN_BOOL_CONVERSION = YES;
				CLANG_WARN_COMMA = YES;
				CLANG_WARN_CONSTANT_CONVERSION = YES;
				CLANG_WARN_DEPRECATED_OBJC_IMPLEMENTATIONS = YES;
				CLANG_WARN_DIRECT_OBJC_ISA_USAGE = YES_ERROR;
				CLANG_WARN_DOCUMENTATION_COMMENTS = YES;
				CLANG_WARN_EMPTY_BODY = YES;
				CLANG_WARN_ENUM_CONVERSION = YES;
				CLANG_WARN_INFINITE_RECURSION = YES;
				CLANG_WARN_INT_CONVERSION = YES;
				CLANG_WARN_NON_LITERAL_NULL_CONVERSION = YES;
				CLANG_WARN_OBJC_IMPLICIT_RETAIN_SELF = YES;
				CLANG_WARN_OBJC_LITERAL_CONVERSION = YES;
				CLANG_WARN_OBJC_ROOT_CLASS = YES_ERROR;
				CLANG_WARN_RANGE_LOOP_ANALYSIS = YES;
				CLANG_WARN_STRICT_PROTOTYPES = YES;
				CLANG_WARN_SUSPICIOUS_MOVE = YES;
				CLANG_WARN_UNGUARDED_AVAILABILITY = YES_AGGRESSIVE;
				CLANG_WARN_UNREACHABLE_CODE = YES;
				CLANG_WARN__DUPLICATE_METHOD_MATCH = YES;
				COPY_PHASE_STRIP = NO;
				DEBUG_INFORMATION_FORMAT = dwarf;
				ENABLE_STRICT_OBJC_MSGSEND = YES;
				ENABLE_TESTABILITY = YES;
				GCC_C_LANGUAGE_STANDARD = gnu11;
				GCC_DYNAMIC_NO_PIC = NO;
				GCC_NO_COMMON_BLOCKS = YES;
				GCC_OPTIMIZATION_LEVEL = 0;
				GCC_PREPROCESSOR_DEFINITIONS = (
					"DEBUG=1",
					"$(inherited)",
				);
				GCC_WARN_64_TO_32_BIT_CONVERSION = YES;
				GCC_WARN_ABOUT_RETURN_TYPE = YES_ERROR;
				GCC_WARN_UNDECLARED_SELECTOR = YES;
				GCC_WARN_UNINITIALIZED_AUTOS = YES_AGGRESSIVE;
				GCC_WARN_UNUSED_FUNCTION = YES;
				GCC_WARN_UNUSED_VARIABLE = YES;
				IPHONEOS_DEPLOYMENT_TARGET = 13.0;
				MTL_ENABLE_DEBUG_INFO = INCLUDE_SOURCE;
				MTL_FAST_MATH = YES;
				ONLY_ACTIVE_ARCH = YES;
				SDKROOT = iphoneos;
				SWIFT_ACTIVE_COMPILATION_CONDITIONS = DEBUG;
				SWIFT_OPTIMIZATION_LEVEL = "-Onone";
			};
			name = Debug;
		};
		C39D90B92343C45A00632D03 /* Release */ = {
			isa = XCBuildConfiguration;
			buildSettings = {
				ALWAYS_SEARCH_USER_PATHS = NO;
				CLANG_ANALYZER_NONNULL = YES;
				CLANG_ANALYZER_NUMBER_OBJECT_CONVERSION = YES_AGGRESSIVE;
				CLANG_CXX_LANGUAGE_STANDARD = "gnu++14";
				CLANG_CXX_LIBRARY = "libc++";
				CLANG_ENABLE_MODULES = YES;
				CLANG_ENABLE_OBJC_ARC = YES;
				CLANG_ENABLE_OBJC_WEAK = YES;
				CLANG_WARN_BLOCK_CAPTURE_AUTORELEASING = YES;
				CLANG_WARN_BOOL_CONVERSION = YES;
				CLANG_WARN_COMMA = YES;
				CLANG_WARN_CONSTANT_CONVERSION = YES;
				CLANG_WARN_DEPRECATED_OBJC_IMPLEMENTATIONS = YES;
				CLANG_WARN_DIRECT_OBJC_ISA_USAGE = YES_ERROR;
				CLANG_WARN_DOCUMENTATION_COMMENTS = YES;
				CLANG_WARN_EMPTY_BODY = YES;
				CLANG_WARN_ENUM_CONVERSION = YES;
				CLANG_WARN_INFINITE_RECURSION = YES;
				CLANG_WARN_INT_CONVERSION = YES;
				CLANG_WARN_NON_LITERAL_NULL_CONVERSION = YES;
				CLANG_WARN_OBJC_IMPLICIT_RETAIN_SELF = YES;
				CLANG_WARN_OBJC_LITERAL_CONVERSION = YES;
				CLANG_WARN_OBJC_ROOT_CLASS = YES_ERROR;
				CLANG_WARN_RANGE_LOOP_ANALYSIS = YES;
				CLANG_WARN_STRICT_PROTOTYPES = YES;
				CLANG_WARN_SUSPICIOUS_MOVE = YES;
				CLANG_WARN_UNGUARDED_AVAILABILITY = YES_AGGRESSIVE;
				CLANG_WARN_UNREACHABLE_CODE = YES;
				CLANG_WARN__DUPLICATE_METHOD_MATCH = YES;
				COPY_PHASE_STRIP = NO;
				DEBUG_INFORMATION_FORMAT = "dwarf-with-dsym";
				ENABLE_NS_ASSERTIONS = NO;
				ENABLE_STRICT_OBJC_MSGSEND = YES;
				GCC_C_LANGUAGE_STANDARD = gnu11;
				GCC_NO_COMMON_BLOCKS = YES;
				GCC_WARN_64_TO_32_BIT_CONVERSION = YES;
				GCC_WARN_ABOUT_RETURN_TYPE = YES_ERROR;
				GCC_WARN_UNDECLARED_SELECTOR = YES;
				GCC_WARN_UNINITIALIZED_AUTOS = YES_AGGRESSIVE;
				GCC_WARN_UNUSED_FUNCTION = YES;
				GCC_WARN_UNUSED_VARIABLE = YES;
				IPHONEOS_DEPLOYMENT_TARGET = 13.0;
				MTL_ENABLE_DEBUG_INFO = NO;
				MTL_FAST_MATH = YES;
				SDKROOT = iphoneos;
				SWIFT_COMPILATION_MODE = wholemodule;
				SWIFT_OPTIMIZATION_LEVEL = "-O";
				VALIDATE_PRODUCT = YES;
			};
			name = Release;
		};
		C39D90BB2343C45A00632D03 /* Debug */ = {
			isa = XCBuildConfiguration;
			buildSettings = {
				ASSETCATALOG_COMPILER_APPICON_NAME = AppIcon;
				CODE_SIGN_STYLE = Automatic;
				DEVELOPMENT_TEAM = 8C8V8ZG489;
				INFOPLIST_FILE = Colors/Info.plist;
				LD_RUNPATH_SEARCH_PATHS = (
					"$(inherited)",
					"@executable_path/Frameworks",
				);
				PRODUCT_BUNDLE_IDENTIFIER = edu.missouri.Colors;
				PRODUCT_NAME = "$(TARGET_NAME)";
				SWIFT_VERSION = 5.0;
				TARGETED_DEVICE_FAMILY = "1,2";
			};
			name = Debug;
		};
		C39D90BC2343C45A00632D03 /* Release */ = {
			isa = XCBuildConfiguration;
			buildSettings = {
				ASSETCATALOG_COMPILER_APPICON_NAME = AppIcon;
				CODE_SIGN_STYLE = Automatic;
				DEVELOPMENT_TEAM = 8C8V8ZG489;
				INFOPLIST_FILE = Colors/Info.plist;
				LD_RUNPATH_SEARCH_PATHS = (
					"$(inherited)",
					"@executable_path/Frameworks",
				);
				PRODUCT_BUNDLE_IDENTIFIER = edu.missouri.Colors;
				PRODUCT_NAME = "$(TARGET_NAME)";
				SWIFT_VERSION = 5.0;
				TARGETED_DEVICE_FAMILY = "1,2";
			};
			name = Release;
		};
		C39D90BE2343C45A00632D03 /* Debug */ = {
			isa = XCBuildConfiguration;
			buildSettings = {
				ALWAYS_EMBED_SWIFT_STANDARD_LIBRARIES = YES;
				BUNDLE_LOADER = "$(TEST_HOST)";
				CODE_SIGN_STYLE = Automatic;
				DEVELOPMENT_TEAM = 8C8V8ZG489;
				INFOPLIST_FILE = ColorsTests/Info.plist;
				IPHONEOS_DEPLOYMENT_TARGET = 13.0;
				LD_RUNPATH_SEARCH_PATHS = (
					"$(inherited)",
					"@executable_path/Frameworks",
					"@loader_path/Frameworks",
				);
				PRODUCT_BUNDLE_IDENTIFIER = edu.missouri.ColorsTests;
				PRODUCT_NAME = "$(TARGET_NAME)";
				SWIFT_VERSION = 5.0;
				TARGETED_DEVICE_FAMILY = "1,2";
				TEST_HOST = "$(BUILT_PRODUCTS_DIR)/Colors.app/Colors";
			};
			name = Debug;
		};
		C39D90BF2343C45A00632D03 /* Release */ = {
			isa = XCBuildConfiguration;
			buildSettings = {
				ALWAYS_EMBED_SWIFT_STANDARD_LIBRARIES = YES;
				BUNDLE_LOADER = "$(TEST_HOST)";
				CODE_SIGN_STYLE = Automatic;
				DEVELOPMENT_TEAM = 8C8V8ZG489;
				INFOPLIST_FILE = ColorsTests/Info.plist;
				IPHONEOS_DEPLOYMENT_TARGET = 13.0;
				LD_RUNPATH_SEARCH_PATHS = (
					"$(inherited)",
					"@executable_path/Frameworks",
					"@loader_path/Frameworks",
				);
				PRODUCT_BUNDLE_IDENTIFIER = edu.missouri.ColorsTests;
				PRODUCT_NAME = "$(TARGET_NAME)";
				SWIFT_VERSION = 5.0;
				TARGETED_DEVICE_FAMILY = "1,2";
				TEST_HOST = "$(BUILT_PRODUCTS_DIR)/Colors.app/Colors";
			};
			name = Release;
		};
		C39D90C12343C45A00632D03 /* Debug */ = {
			isa = XCBuildConfiguration;
			buildSettings = {
				ALWAYS_EMBED_SWIFT_STANDARD_LIBRARIES = YES;
				CODE_SIGN_STYLE = Automatic;
				DEVELOPMENT_TEAM = 8C8V8ZG489;
				INFOPLIST_FILE = ColorsUITests/Info.plist;
				LD_RUNPATH_SEARCH_PATHS = (
					"$(inherited)",
					"@executable_path/Frameworks",
					"@loader_path/Frameworks",
				);
				PRODUCT_BUNDLE_IDENTIFIER = edu.missouri.ColorsUITests;
				PRODUCT_NAME = "$(TARGET_NAME)";
				SWIFT_VERSION = 5.0;
				TARGETED_DEVICE_FAMILY = "1,2";
				TEST_TARGET_NAME = Colors;
			};
			name = Debug;
		};
		C39D90C22343C45A00632D03 /* Release */ = {
			isa = XCBuildConfiguration;
			buildSettings = {
				ALWAYS_EMBED_SWIFT_STANDARD_LIBRARIES = YES;
				CODE_SIGN_STYLE = Automatic;
				DEVELOPMENT_TEAM = 8C8V8ZG489;
				INFOPLIST_FILE = ColorsUITests/Info.plist;
				LD_RUNPATH_SEARCH_PATHS = (
					"$(inherited)",
					"@executable_path/Frameworks",
					"@loader_path/Frameworks",
				);
				PRODUCT_BUNDLE_IDENTIFIER = edu.missouri.ColorsUITests;
				PRODUCT_NAME = "$(TARGET_NAME)";
				SWIFT_VERSION = 5.0;
				TARGETED_DEVICE_FAMILY = "1,2";
				TEST_TARGET_NAME = Colors;
			};
			name = Release;
		};
/* End XCBuildConfiguration section */

/* Begin XCConfigurationList section */
		C39D908B2343C45900632D03 /* Build configuration list for PBXProject "Colors" */ = {
			isa = XCConfigurationList;
			buildConfigurations = (
				C39D90B82343C45A00632D03 /* Debug */,
				C39D90B92343C45A00632D03 /* Release */,
			);
			defaultConfigurationIsVisible = 0;
			defaultConfigurationName = Release;
		};
		C39D90BA2343C45A00632D03 /* Build configuration list for PBXNativeTarget "Colors" */ = {
			isa = XCConfigurationList;
			buildConfigurations = (
				C39D90BB2343C45A00632D03 /* Debug */,
				C39D90BC2343C45A00632D03 /* Release */,
			);
			defaultConfigurationIsVisible = 0;
			defaultConfigurationName = Release;
		};
		C39D90BD2343C45A00632D03 /* Build configuration list for PBXNativeTarget "ColorsTests" */ = {
			isa = XCConfigurationList;
			buildConfigurations = (
				C39D90BE2343C45A00632D03 /* Debug */,
				C39D90BF2343C45A00632D03 /* Release */,
			);
			defaultConfigurationIsVisible = 0;
			defaultConfigurationName = Release;
		};
		C39D90C02343C45A00632D03 /* Build configuration list for PBXNativeTarget "ColorsUITests" */ = {
			isa = XCConfigurationList;
			buildConfigurations = (
				C39D90C12343C45A00632D03 /* Debug */,
				C39D90C22343C45A00632D03 /* Release */,
			);
			defaultConfigurationIsVisible = 0;
			defaultConfigurationName = Release;
		};
/* End XCConfigurationList section */
	};
	rootObject = C39D90882343C45900632D03 /* Project object */;
}
